// !$*UTF8*$!
{
	archiveVersion = 1;
	classes = {
	};
	objectVersion = 56;
	objects = {

/* Begin PBXBuildFile section */
		A55DC40C2A28A7C30029C49C /* AppDelegate.swift in Sources */ = {isa = PBXBuildFile; fileRef = A55DC40B2A28A7C30029C49C /* AppDelegate.swift */; };
		A55DC40E2A28A7C30029C49C /* SceneDelegate.swift in Sources */ = {isa = PBXBuildFile; fileRef = A55DC40D2A28A7C30029C49C /* SceneDelegate.swift */; };
		A55DC4102A28A7C30029C49C /* ViewController.swift in Sources */ = {isa = PBXBuildFile; fileRef = A55DC40F2A28A7C30029C49C /* ViewController.swift */; };
		A55DC4132A28A7C30029C49C /* Main.storyboard in Resources */ = {isa = PBXBuildFile; fileRef = A55DC4112A28A7C30029C49C /* Main.storyboard */; };
		A55DC4152A28A7C40029C49C /* Assets.xcassets in Resources */ = {isa = PBXBuildFile; fileRef = A55DC4142A28A7C40029C49C /* Assets.xcassets */; };
		A55DC4182A28A7C40029C49C /* LaunchScreen.storyboard in Resources */ = {isa = PBXBuildFile; fileRef = A55DC4162A28A7C40029C49C /* LaunchScreen.storyboard */; };
		A55DC4232A28A7C40029C49C /* DemoChartBarTests.swift in Sources */ = {isa = PBXBuildFile; fileRef = A55DC4222A28A7C40029C49C /* DemoChartBarTests.swift */; };
		A55DC42D2A28A7C40029C49C /* DemoChartBarUITests.swift in Sources */ = {isa = PBXBuildFile; fileRef = A55DC42C2A28A7C40029C49C /* DemoChartBarUITests.swift */; };
		A55DC42F2A28A7C40029C49C /* DemoChartBarUITestsLaunchTests.swift in Sources */ = {isa = PBXBuildFile; fileRef = A55DC42E2A28A7C40029C49C /* DemoChartBarUITestsLaunchTests.swift */; };
/* End PBXBuildFile section */

/* Begin PBXContainerItemProxy section */
		A55DC41F2A28A7C40029C49C /* PBXContainerItemProxy */ = {
			isa = PBXContainerItemProxy;
			containerPortal = A55DC4002A28A7C30029C49C /* Project object */;
			proxyType = 1;
			remoteGlobalIDString = A55DC4072A28A7C30029C49C;
			remoteInfo = DemoChartBar;
		};
		A55DC4292A28A7C40029C49C /* PBXContainerItemProxy */ = {
			isa = PBXContainerItemProxy;
			containerPortal = A55DC4002A28A7C30029C49C /* Project object */;
			proxyType = 1;
			remoteGlobalIDString = A55DC4072A28A7C30029C49C;
			remoteInfo = DemoChartBar;
		};
/* End PBXContainerItemProxy section */

/* Begin PBXFileReference section */
		A55DC4082A28A7C30029C49C /* DemoChartBar.app */ = {isa = PBXFileReference; explicitFileType = wrapper.application; includeInIndex = 0; path = DemoChartBar.app; sourceTree = BUILT_PRODUCTS_DIR; };
		A55DC40B2A28A7C30029C49C /* AppDelegate.swift */ = {isa = PBXFileReference; lastKnownFileType = sourcecode.swift; path = AppDelegate.swift; sourceTree = "<group>"; };
		A55DC40D2A28A7C30029C49C /* SceneDelegate.swift */ = {isa = PBXFileReference; lastKnownFileType = sourcecode.swift; path = SceneDelegate.swift; sourceTree = "<group>"; };
		A55DC40F2A28A7C30029C49C /* ViewController.swift */ = {isa = PBXFileReference; lastKnownFileType = sourcecode.swift; path = ViewController.swift; sourceTree = "<group>"; };
		A55DC4122A28A7C30029C49C /* Base */ = {isa = PBXFileReference; lastKnownFileType = file.storyboard; name = Base; path = Base.lproj/Main.storyboard; sourceTree = "<group>"; };
		A55DC4142A28A7C40029C49C /* Assets.xcassets */ = {isa = PBXFileReference; lastKnownFileType = folder.assetcatalog; path = Assets.xcassets; sourceTree = "<group>"; };
		A55DC4172A28A7C40029C49C /* Base */ = {isa = PBXFileReference; lastKnownFileType = file.storyboard; name = Base; path = Base.lproj/LaunchScreen.storyboard; sourceTree = "<group>"; };
		A55DC4192A28A7C40029C49C /* Info.plist */ = {isa = PBXFileReference; lastKnownFileType = text.plist.xml; path = Info.plist; sourceTree = "<group>"; };
		A55DC41E2A28A7C40029C49C /* DemoChartBarTests.xctest */ = {isa = PBXFileReference; explicitFileType = wrapper.cfbundle; includeInIndex = 0; path = DemoChartBarTests.xctest; sourceTree = BUILT_PRODUCTS_DIR; };
		A55DC4222A28A7C40029C49C /* DemoChartBarTests.swift */ = {isa = PBXFileReference; lastKnownFileType = sourcecode.swift; path = DemoChartBarTests.swift; sourceTree = "<group>"; };
		A55DC4282A28A7C40029C49C /* DemoChartBarUITests.xctest */ = {isa = PBXFileReference; explicitFileType = wrapper.cfbundle; includeInIndex = 0; path = DemoChartBarUITests.xctest; sourceTree = BUILT_PRODUCTS_DIR; };
		A55DC42C2A28A7C40029C49C /* DemoChartBarUITests.swift */ = {isa = PBXFileReference; lastKnownFileType = sourcecode.swift; path = DemoChartBarUITests.swift; sourceTree = "<group>"; };
		A55DC42E2A28A7C40029C49C /* DemoChartBarUITestsLaunchTests.swift */ = {isa = PBXFileReference; lastKnownFileType = sourcecode.swift; path = DemoChartBarUITestsLaunchTests.swift; sourceTree = "<group>"; };
/* End PBXFileReference section */

/* Begin PBXFrameworksBuildPhase section */
		A55DC4052A28A7C30029C49C /* Frameworks */ = {
			isa = PBXFrameworksBuildPhase;
			buildActionMask = 2147483647;
			files = (
			);
			runOnlyForDeploymentPostprocessing = 0;
		};
		A55DC41B2A28A7C40029C49C /* Frameworks */ = {
			isa = PBXFrameworksBuildPhase;
			buildActionMask = 2147483647;
			files = (
			);
			runOnlyForDeploymentPostprocessing = 0;
		};
		A55DC4252A28A7C40029C49C /* Frameworks */ = {
			isa = PBXFrameworksBuildPhase;
			buildActionMask = 2147483647;
			files = (
			);
			runOnlyForDeploymentPostprocessing = 0;
		};
/* End PBXFrameworksBuildPhase section */

/* Begin PBXGroup section */
		A55DC3FF2A28A7C30029C49C = {
			isa = PBXGroup;
			children = (
				A55DC40A2A28A7C30029C49C /* DemoChartBar */,
				A55DC4212A28A7C40029C49C /* DemoChartBarTests */,
				A55DC42B2A28A7C40029C49C /* DemoChartBarUITests */,
				A55DC4092A28A7C30029C49C /* Products */,
			);
			sourceTree = "<group>";
		};
		A55DC4092A28A7C30029C49C /* Products */ = {
			isa = PBXGroup;
			children = (
				A55DC4082A28A7C30029C49C /* DemoChartBar.app */,
				A55DC41E2A28A7C40029C49C /* DemoChartBarTests.xctest */,
				A55DC4282A28A7C40029C49C /* DemoChartBarUITests.xctest */,
			);
			name = Products;
			sourceTree = "<group>";
		};
		A55DC40A2A28A7C30029C49C /* DemoChartBar */ = {
			isa = PBXGroup;
			children = (
				A55DC40B2A28A7C30029C49C /* AppDelegate.swift */,
				A55DC40D2A28A7C30029C49C /* SceneDelegate.swift */,
				A55DC40F2A28A7C30029C49C /* ViewController.swift */,
				A55DC4112A28A7C30029C49C /* Main.storyboard */,
				A55DC4142A28A7C40029C49C /* Assets.xcassets */,
				A55DC4162A28A7C40029C49C /* LaunchScreen.storyboard */,
				A55DC4192A28A7C40029C49C /* Info.plist */,
			);
			path = DemoChartBar;
			sourceTree = "<group>";
		};
		A55DC4212A28A7C40029C49C /* DemoChartBarTests */ = {
			isa = PBXGroup;
			children = (
				A55DC4222A28A7C40029C49C /* DemoChartBarTests.swift */,
			);
			path = DemoChartBarTests;
			sourceTree = "<group>";
		};
		A55DC42B2A28A7C40029C49C /* DemoChartBarUITests */ = {
			isa = PBXGroup;
			children = (
				A55DC42C2A28A7C40029C49C /* DemoChartBarUITests.swift */,
				A55DC42E2A28A7C40029C49C /* DemoChartBarUITestsLaunchTests.swift */,
			);
			path = DemoChartBarUITests;
			sourceTree = "<group>";
		};
/* End PBXGroup section */

/* Begin PBXNativeTarget section */
		A55DC4072A28A7C30029C49C /* DemoChartBar */ = {
			isa = PBXNativeTarget;
			buildConfigurationList = A55DC4322A28A7C40029C49C /* Build configuration list for PBXNativeTarget "DemoChartBar" */;
			buildPhases = (
				A55DC4042A28A7C30029C49C /* Sources */,
				A55DC4052A28A7C30029C49C /* Frameworks */,
				A55DC4062A28A7C30029C49C /* Resources */,
			);
			buildRules = (
			);
			dependencies = (
			);
			name = DemoChartBar;
			productName = DemoChartBar;
			productReference = A55DC4082A28A7C30029C49C /* DemoChartBar.app */;
			productType = "com.apple.product-type.application";
		};
		A55DC41D2A28A7C40029C49C /* DemoChartBarTests */ = {
			isa = PBXNativeTarget;
			buildConfigurationList = A55DC4352A28A7C40029C49C /* Build configuration list for PBXNativeTarget "DemoChartBarTests" */;
			buildPhases = (
				A55DC41A2A28A7C40029C49C /* Sources */,
				A55DC41B2A28A7C40029C49C /* Frameworks */,
				A55DC41C2A28A7C40029C49C /* Resources */,
			);
			buildRules = (
			);
			dependencies = (
				A55DC4202A28A7C40029C49C /* PBXTargetDependency */,
			);
			name = DemoChartBarTests;
			productName = DemoChartBarTests;
			productReference = A55DC41E2A28A7C40029C49C /* DemoChartBarTests.xctest */;
			productType = "com.apple.product-type.bundle.unit-test";
		};
		A55DC4272A28A7C40029C49C /* DemoChartBarUITests */ = {
			isa = PBXNativeTarget;
			buildConfigurationList = A55DC4382A28A7C40029C49C /* Build configuration list for PBXNativeTarget "DemoChartBarUITests" */;
			buildPhases = (
				A55DC4242A28A7C40029C49C /* Sources */,
				A55DC4252A28A7C40029C49C /* Frameworks */,
				A55DC4262A28A7C40029C49C /* Resources */,
			);
			buildRules = (
			);
			dependencies = (
				A55DC42A2A28A7C40029C49C /* PBXTargetDependency */,
			);
			name = DemoChartBarUITests;
			productName = DemoChartBarUITests;
			productReference = A55DC4282A28A7C40029C49C /* DemoChartBarUITests.xctest */;
			productType = "com.apple.product-type.bundle.ui-testing";
		};
/* End PBXNativeTarget section */

/* Begin PBXProject section */
		A55DC4002A28A7C30029C49C /* Project object */ = {
			isa = PBXProject;
			attributes = {
				BuildIndependentTargetsInParallel = 1;
				LastSwiftUpdateCheck = 1420;
				LastUpgradeCheck = 1420;
				TargetAttributes = {
					A55DC4072A28A7C30029C49C = {
						CreatedOnToolsVersion = 14.2;
					};
					A55DC41D2A28A7C40029C49C = {
						CreatedOnToolsVersion = 14.2;
						TestTargetID = A55DC4072A28A7C30029C49C;
					};
					A55DC4272A28A7C40029C49C = {
						CreatedOnToolsVersion = 14.2;
						TestTargetID = A55DC4072A28A7C30029C49C;
					};
				};
			};
			buildConfigurationList = A55DC4032A28A7C30029C49C /* Build configuration list for PBXProject "DemoChartBar" */;
			compatibilityVersion = "Xcode 14.0";
			developmentRegion = en;
			hasScannedForEncodings = 0;
			knownRegions = (
				en,
				Base,
			);
			mainGroup = A55DC3FF2A28A7C30029C49C;
			productRefGroup = A55DC4092A28A7C30029C49C /* Products */;
			projectDirPath = "";
			projectRoot = "";
			targets = (
				A55DC4072A28A7C30029C49C /* DemoChartBar */,
				A55DC41D2A28A7C40029C49C /* DemoChartBarTests */,
				A55DC4272A28A7C40029C49C /* DemoChartBarUITests */,
			);
		};
/* End PBXProject section */

/* Begin PBXResourcesBuildPhase section */
		A55DC4062A28A7C30029C49C /* Resources */ = {
			isa = PBXResourcesBuildPhase;
			buildActionMask = 2147483647;
			files = (
				A55DC4182A28A7C40029C49C /* LaunchScreen.storyboard in Resources */,
				A55DC4152A28A7C40029C49C /* Assets.xcassets in Resources */,
				A55DC4132A28A7C30029C49C /* Main.storyboard in Resources */,
			);
			runOnlyForDeploymentPostprocessing = 0;
		};
		A55DC41C2A28A7C40029C49C /* Resources */ = {
			isa = PBXResourcesBuildPhase;
			buildActionMask = 2147483647;
			files = (
			);
			runOnlyForDeploymentPostprocessing = 0;
		};
		A55DC4262A28A7C40029C49C /* Resources */ = {
			isa = PBXResourcesBuildPhase;
			buildActionMask = 2147483647;
			files = (
			);
			runOnlyForDeploymentPostprocessing = 0;
		};
/* End PBXResourcesBuildPhase section */

/* Begin PBXSourcesBuildPhase section */
		A55DC4042A28A7C30029C49C /* Sources */ = {
			isa = PBXSourcesBuildPhase;
			buildActionMask = 2147483647;
			files = (
				A55DC4102A28A7C30029C49C /* ViewController.swift in Sources */,
				A55DC40C2A28A7C30029C49C /* AppDelegate.swift in Sources */,
				A55DC40E2A28A7C30029C49C /* SceneDelegate.swift in Sources */,
			);
			runOnlyForDeploymentPostprocessing = 0;
		};
		A55DC41A2A28A7C40029C49C /* Sources */ = {
			isa = PBXSourcesBuildPhase;
			buildActionMask = 2147483647;
			files = (
				A55DC4232A28A7C40029C49C /* DemoChartBarTests.swift in Sources */,
			);
			runOnlyForDeploymentPostprocessing = 0;
		};
		A55DC4242A28A7C40029C49C /* Sources */ = {
			isa = PBXSourcesBuildPhase;
			buildActionMask = 2147483647;
			files = (
				A55DC42F2A28A7C40029C49C /* DemoChartBarUITestsLaunchTests.swift in Sources */,
				A55DC42D2A28A7C40029C49C /* DemoChartBarUITests.swift in Sources */,
			);
			runOnlyForDeploymentPostprocessing = 0;
		};
/* End PBXSourcesBuildPhase section */

/* Begin PBXTargetDependency section */
		A55DC4202A28A7C40029C49C /* PBXTargetDependency */ = {
			isa = PBXTargetDependency;
			target = A55DC4072A28A7C30029C49C /* DemoChartBar */;
			targetProxy = A55DC41F2A28A7C40029C49C /* PBXContainerItemProxy */;
		};
		A55DC42A2A28A7C40029C49C /* PBXTargetDependency */ = {
			isa = PBXTargetDependency;
			target = A55DC4072A28A7C30029C49C /* DemoChartBar */;
			targetProxy = A55DC4292A28A7C40029C49C /* PBXContainerItemProxy */;
		};
/* End PBXTargetDependency section */

/* Begin PBXVariantGroup section */
		A55DC4112A28A7C30029C49C /* Main.storyboard */ = {
			isa = PBXVariantGroup;
			children = (
				A55DC4122A28A7C30029C49C /* Base */,
			);
			name = Main.storyboard;
			sourceTree = "<group>";
		};
		A55DC4162A28A7C40029C49C /* LaunchScreen.storyboard */ = {
			isa = PBXVariantGroup;
			children = (
				A55DC4172A28A7C40029C49C /* Base */,
			);
			name = LaunchScreen.storyboard;
			sourceTree = "<group>";
		};
/* End PBXVariantGroup section */

/* Begin XCBuildConfiguration section */
		A55DC4302A28A7C40029C49C /* Debug */ = {
			isa = XCBuildConfiguration;
			buildSettings = {
				ALWAYS_SEARCH_USER_PATHS = NO;
				CLANG_ANALYZER_NONNULL = YES;
				CLANG_ANALYZER_NUMBER_OBJECT_CONVERSION = YES_AGGRESSIVE;
				CLANG_CXX_LANGUAGE_STANDARD = "gnu++20";
				CLANG_ENABLE_MODULES = YES;
				CLANG_ENABLE_OBJC_ARC = YES;
				CLANG_ENABLE_OBJC_WEAK = YES;
				CLANG_WARN_BLOCK_CAPTURE_AUTORELEASING = YES;
				CLANG_WARN_BOOL_CONVERSION = YES;
				CLANG_WARN_COMMA = YES;
				CLANG_WARN_CONSTANT_CONVERSION = YES;
				CLANG_WARN_DEPRECATED_OBJC_IMPLEMENTATIONS = YES;
				CLANG_WARN_DIRECT_OBJC_ISA_USAGE = YES_ERROR;
				CLANG_WARN_DOCUMENTATION_COMMENTS = YES;
				CLANG_WARN_EMPTY_BODY = YES;
				CLANG_WARN_ENUM_CONVERSION = YES;
				CLANG_WARN_INFINITE_RECURSION = YES;
				CLANG_WARN_INT_CONVERSION = YES;
				CLANG_WARN_NON_LITERAL_NULL_CONVERSION = YES;
				CLANG_WARN_OBJC_IMPLICIT_RETAIN_SELF = YES;
				CLANG_WARN_OBJC_LITERAL_CONVERSION = YES;
				CLANG_WARN_OBJC_ROOT_CLASS = YES_ERROR;
				CLANG_WARN_QUOTED_INCLUDE_IN_FRAMEWORK_HEADER = YES;
				CLANG_WARN_RANGE_LOOP_ANALYSIS = YES;
				CLANG_WARN_STRICT_PROTOTYPES = YES;
				CLANG_WARN_SUSPICIOUS_MOVE = YES;
				CLANG_WARN_UNGUARDED_AVAILABILITY = YES_AGGRESSIVE;
				CLANG_WARN_UNREACHABLE_CODE = YES;
				CLANG_WARN__DUPLICATE_METHOD_MATCH = YES;
				COPY_PHASE_STRIP = NO;
				DEBUG_INFORMATION_FORMAT = dwarf;
				ENABLE_STRICT_OBJC_MSGSEND = YES;
				ENABLE_TESTABILITY = YES;
				GCC_C_LANGUAGE_STANDARD = gnu11;
				GCC_DYNAMIC_NO_PIC = NO;
				GCC_NO_COMMON_BLOCKS = YES;
				GCC_OPTIMIZATION_LEVEL = 0;
				GCC_PREPROCESSOR_DEFINITIONS = (
					"DEBUG=1",
					"$(inherited)",
				);
				GCC_WARN_64_TO_32_BIT_CONVERSION = YES;
				GCC_WARN_ABOUT_RETURN_TYPE = YES_ERROR;
				GCC_WARN_UNDECLARED_SELECTOR = YES;
				GCC_WARN_UNINITIALIZED_AUTOS = YES_AGGRESSIVE;
				GCC_WARN_UNUSED_FUNCTION = YES;
				GCC_WARN_UNUSED_VARIABLE = YES;
				IPHONEOS_DEPLOYMENT_TARGET = 16.2;
				MTL_ENABLE_DEBUG_INFO = INCLUDE_SOURCE;
				MTL_FAST_MATH = YES;
				ONLY_ACTIVE_ARCH = YES;
				SDKROOT = iphoneos;
				SWIFT_ACTIVE_COMPILATION_CONDITIONS = DEBUG;
				SWIFT_OPTIMIZATION_LEVEL = "-Onone";
			};
			name = Debug;
		};
		A55DC4312A28A7C40029C49C /* Release */ = {
			isa = XCBuildConfiguration;
			buildSettings = {
				ALWAYS_SEARCH_USER_PATHS = NO;
				CLANG_ANALYZER_NONNULL = YES;
				CLANG_ANALYZER_NUMBER_OBJECT_CONVERSION = YES_AGGRESSIVE;
				CLANG_CXX_LANGUAGE_STANDARD = "gnu++20";
				CLANG_ENABLE_MODULES = YES;
				CLANG_ENABLE_OBJC_ARC = YES;
				CLANG_ENABLE_OBJC_WEAK = YES;
				CLANG_WARN_BLOCK_CAPTURE_AUTORELEASING = YES;
				CLANG_WARN_BOOL_CONVERSION = YES;
				CLANG_WARN_COMMA = YES;
				CLANG_WARN_CONSTANT_CONVERSION = YES;
				CLANG_WARN_DEPRECATED_OBJC_IMPLEMENTATIONS = YES;
				CLANG_WARN_DIRECT_OBJC_ISA_USAGE = YES_ERROR;
				CLANG_WARN_DOCUMENTATION_COMMENTS = YES;
				CLANG_WARN_EMPTY_BODY = YES;
				CLANG_WARN_ENUM_CONVERSION = YES;
				CLANG_WARN_INFINITE_RECURSION = YES;
				CLANG_WARN_INT_CONVERSION = YES;
				CLANG_WARN_NON_LITERAL_NULL_CONVERSION = YES;
				CLANG_WARN_OBJC_IMPLICIT_RETAIN_SELF = YES;
				CLANG_WARN_OBJC_LITERAL_CONVERSION = YES;
				CLANG_WARN_OBJC_ROOT_CLASS = YES_ERROR;
				CLANG_WARN_QUOTED_INCLUDE_IN_FRAMEWORK_HEADER = YES;
				CLANG_WARN_RANGE_LOOP_ANALYSIS = YES;
				CLANG_WARN_STRICT_PROTOTYPES = YES;
				CLANG_WARN_SUSPICIOUS_MOVE = YES;
				CLANG_WARN_UNGUARDED_AVAILABILITY = YES_AGGRESSIVE;
				CLANG_WARN_UNREACHABLE_CODE = YES;
				CLANG_WARN__DUPLICATE_METHOD_MATCH = YES;
				COPY_PHASE_STRIP = NO;
				DEBUG_INFORMATION_FORMAT = "dwarf-with-dsym";
				ENABLE_NS_ASSERTIONS = NO;
				ENABLE_STRICT_OBJC_MSGSEND = YES;
				GCC_C_LANGUAGE_STANDARD = gnu11;
				GCC_NO_COMMON_BLOCKS = YES;
				GCC_WARN_64_TO_32_BIT_CONVERSION = YES;
				GCC_WARN_ABOUT_RETURN_TYPE = YES_ERROR;
				GCC_WARN_UNDECLARED_SELECTOR = YES;
				GCC_WARN_UNINITIALIZED_AUTOS = YES_AGGRESSIVE;
				GCC_WARN_UNUSED_FUNCTION = YES;
				GCC_WARN_UNUSED_VARIABLE = YES;
				IPHONEOS_DEPLOYMENT_TARGET = 16.2;
				MTL_ENABLE_DEBUG_INFO = NO;
				MTL_FAST_MATH = YES;
				SDKROOT = iphoneos;
				SWIFT_COMPILATION_MODE = wholemodule;
				SWIFT_OPTIMIZATION_LEVEL = "-O";
				VALIDATE_PRODUCT = YES;
			};
			name = Release;
		};
		A55DC4332A28A7C40029C49C /* Debug */ = {
			isa = XCBuildConfiguration;
			buildSettings = {
				ASSETCATALOG_COMPILER_APPICON_NAME = AppIcon;
				ASSETCATALOG_COMPILER_GLOBAL_ACCENT_COLOR_NAME = AccentColor;
				CODE_SIGN_STYLE = Automatic;
				CURRENT_PROJECT_VERSION = 1;
				DEVELOPMENT_TEAM = SSBLSRPZNA;
				GENERATE_INFOPLIST_FILE = YES;
				INFOPLIST_FILE = DemoChartBar/Info.plist;
				INFOPLIST_KEY_UIApplicationSupportsIndirectInputEvents = YES;
				INFOPLIST_KEY_UILaunchStoryboardName = LaunchScreen;
				INFOPLIST_KEY_UIMainStoryboardFile = Main;
				INFOPLIST_KEY_UISupportedInterfaceOrientations_iPad = "UIInterfaceOrientationPortrait UIInterfaceOrientationPortraitUpsideDown UIInterfaceOrientationLandscapeLeft UIInterfaceOrientationLandscapeRight";
				INFOPLIST_KEY_UISupportedInterfaceOrientations_iPhone = "UIInterfaceOrientationPortrait UIInterfaceOrientationLandscapeLeft UIInterfaceOrientationLandscapeRight";
				LD_RUNPATH_SEARCH_PATHS = (
					"$(inherited)",
					"@executable_path/Frameworks",
				);
				MARKETING_VERSION = 1.0;
				PRODUCT_BUNDLE_IDENTIFIER = in.upstox.DemoChartBar;
				PRODUCT_NAME = "$(TARGET_NAME)";
				SWIFT_EMIT_LOC_STRINGS = YES;
				SWIFT_VERSION = 5.0;
				TARGETED_DEVICE_FAMILY = "1,2";
			};
			name = Debug;
		};
		A55DC4342A28A7C40029C49C /* Release */ = {
			isa = XCBuildConfiguration;
			buildSettings = {
				ASSETCATALOG_COMPILER_APPICON_NAME = AppIcon;
				ASSETCATALOG_COMPILER_GLOBAL_ACCENT_COLOR_NAME = AccentColor;
				CODE_SIGN_STYLE = Automatic;
				CURRENT_PROJECT_VERSION = 1;
				DEVELOPMENT_TEAM = SSBLSRPZNA;
				GENERATE_INFOPLIST_FILE = YES;
				INFOPLIST_FILE = DemoChartBar/Info.plist;
				INFOPLIST_KEY_UIApplicationSupportsIndirectInputEvents = YES;
				INFOPLIST_KEY_UILaunchStoryboardName = LaunchScreen;
				INFOPLIST_KEY_UIMainStoryboardFile = Main;
				INFOPLIST_KEY_UISupportedInterfaceOrientations_iPad = "UIInterfaceOrientationPortrait UIInterfaceOrientationPortraitUpsideDown UIInterfaceOrientationLandscapeLeft UIInterfaceOrientationLandscapeRight";
				INFOPLIST_KEY_UISupportedInterfaceOrientations_iPhone = "UIInterfaceOrientationPortrait UIInterfaceOrientationLandscapeLeft UIInterfaceOrientationLandscapeRight";
				LD_RUNPATH_SEARCH_PATHS = (
					"$(inherited)",
					"@executable_path/Frameworks",
				);
				MARKETING_VERSION = 1.0;
				PRODUCT_BUNDLE_IDENTIFIER = in.upstox.DemoChartBar;
				PRODUCT_NAME = "$(TARGET_NAME)";
				SWIFT_EMIT_LOC_STRINGS = YES;
				SWIFT_VERSION = 5.0;
				TARGETED_DEVICE_FAMILY = "1,2";
			};
			name = Release;
		};
		A55DC4362A28A7C40029C49C /* Debug */ = {
			isa = XCBuildConfiguration;
			buildSettings = {
				ALWAYS_EMBED_SWIFT_STANDARD_LIBRARIES = YES;
				BUNDLE_LOADER = "$(TEST_HOST)";
				CODE_SIGN_STYLE = Automatic;
				CURRENT_PROJECT_VERSION = 1;
				DEVELOPMENT_TEAM = SSBLSRPZNA;
				GENERATE_INFOPLIST_FILE = YES;
				IPHONEOS_DEPLOYMENT_TARGET = 16.2;
				MARKETING_VERSION = 1.0;
				PRODUCT_BUNDLE_IDENTIFIER = in.upstox.DemoChartBarTests;
				PRODUCT_NAME = "$(TARGET_NAME)";
				SWIFT_EMIT_LOC_STRINGS = NO;
				SWIFT_VERSION = 5.0;
				TARGETED_DEVICE_FAMILY = "1,2";
				TEST_HOST = "$(BUILT_PRODUCTS_DIR)/DemoChartBar.app/$(BUNDLE_EXECUTABLE_FOLDER_PATH)/DemoChartBar";
			};
			name = Debug;
		};
		A55DC4372A28A7C40029C49C /* Release */ = {
			isa = XCBuildConfiguration;
			buildSettings = {
				ALWAYS_EMBED_SWIFT_STANDARD_LIBRARIES = YES;
				BUNDLE_LOADER = "$(TEST_HOST)";
				CODE_SIGN_STYLE = Automatic;
				CURRENT_PROJECT_VERSION = 1;
				DEVELOPMENT_TEAM = SSBLSRPZNA;
				GENERATE_INFOPLIST_FILE = YES;
				IPHONEOS_DEPLOYMENT_TARGET = 16.2;
				MARKETING_VERSION = 1.0;
				PRODUCT_BUNDLE_IDENTIFIER = in.upstox.DemoChartBarTests;
				PRODUCT_NAME = "$(TARGET_NAME)";
				SWIFT_EMIT_LOC_STRINGS = NO;
				SWIFT_VERSION = 5.0;
				TARGETED_DEVICE_FAMILY = "1,2";
				TEST_HOST = "$(BUILT_PRODUCTS_DIR)/DemoChartBar.app/$(BUNDLE_EXECUTABLE_FOLDER_PATH)/DemoChartBar";
			};
			name = Release;
		};
		A55DC4392A28A7C40029C49C /* Debug */ = {
			isa = XCBuildConfiguration;
			buildSettings = {
				ALWAYS_EMBED_SWIFT_STANDARD_LIBRARIES = YES;
				CODE_SIGN_STYLE = Automatic;
				CURRENT_PROJECT_VERSION = 1;
				DEVELOPMENT_TEAM = SSBLSRPZNA;
				GENERATE_INFOPLIST_FILE = YES;
				MARKETING_VERSION = 1.0;
				PRODUCT_BUNDLE_IDENTIFIER = in.upstox.DemoChartBarUITests;
				PRODUCT_NAME = "$(TARGET_NAME)";
				SWIFT_EMIT_LOC_STRINGS = NO;
				SWIFT_VERSION = 5.0;
				TARGETED_DEVICE_FAMILY = "1,2";
				TEST_TARGET_NAME = DemoChartBar;
			};
			name = Debug;
		};
		A55DC43A2A28A7C40029C49C /* Release */ = {
			isa = XCBuildConfiguration;
			buildSettings = {
				ALWAYS_EMBED_SWIFT_STANDARD_LIBRARIES = YES;
				CODE_SIGN_STYLE = Automatic;
				CURRENT_PROJECT_VERSION = 1;
				DEVELOPMENT_TEAM = SSBLSRPZNA;
				GENERATE_INFOPLIST_FILE = YES;
				MARKETING_VERSION = 1.0;
				PRODUCT_BUNDLE_IDENTIFIER = in.upstox.DemoChartBarUITests;
				PRODUCT_NAME = "$(TARGET_NAME)";
				SWIFT_EMIT_LOC_STRINGS = NO;
				SWIFT_VERSION = 5.0;
				TARGETED_DEVICE_FAMILY = "1,2";
				TEST_TARGET_NAME = DemoChartBar;
			};
			name = Release;
		};
/* End XCBuildConfiguration section */

/* Begin XCConfigurationList section */
		A55DC4032A28A7C30029C49C /* Build configuration list for PBXProject "DemoChartBar" */ = {
			isa = XCConfigurationList;
			buildConfigurations = (
				A55DC4302A28A7C40029C49C /* Debug */,
				A55DC4312A28A7C40029C49C /* Release */,
			);
			defaultConfigurationIsVisible = 0;
			defaultConfigurationName = Release;
		};
		A55DC4322A28A7C40029C49C /* Build configuration list for PBXNativeTarget "DemoChartBar" */ = {
			isa = XCConfigurationList;
			buildConfigurations = (
				A55DC4332A28A7C40029C49C /* Debug */,
				A55DC4342A28A7C40029C49C /* Release */,
			);
			defaultConfigurationIsVisible = 0;
			defaultConfigurationName = Release;
		};
		A55DC4352A28A7C40029C49C /* Build configuration list for PBXNativeTarget "DemoChartBarTests" */ = {
			isa = XCConfigurationList;
			buildConfigurations = (
				A55DC4362A28A7C40029C49C /* Debug */,
				A55DC4372A28A7C40029C49C /* Release */,
			);
			defaultConfigurationIsVisible = 0;
			defaultConfigurationName = Release;
		};
		A55DC4382A28A7C40029C49C /* Build configuration list for PBXNativeTarget "DemoChartBarUITests" */ = {
			isa = XCConfigurationList;
			buildConfigurations = (
				A55DC4392A28A7C40029C49C /* Debug */,
				A55DC43A2A28A7C40029C49C /* Release */,
			);
			defaultConfigurationIsVisible = 0;
			defaultConfigurationName = Release;
		};
/* End XCConfigurationList section */
	};
	rootObject = A55DC4002A28A7C30029C49C /* Project object */;
}
